
Microsoft Visual Studio Solution File, Format Version 12.00
# Visual Studio Version 17
VisualStudioVersion = 17.0.31912.275
MinimumVisualStudioVersion = 10.0.40219.1
Project("{9A19103F-16F7-4668-BE54-9A1E7A4F7556}") = "ConsoleApp3", "ConsoleApp3\ConsoleApp3.csproj", "{AC027881-52B3-411A-9366-C695FA7A90A3}"
EndProject
Project("{FAE04EC0-301F-11D3-BF4B-00C04F79EFBC}") = "Service", "Service\Service.csproj", "{4A2C1223-B910-46A3-8552-83ADE7C7C65D}"
EndProject
Project("{FAE04EC0-301F-11D3-BF4B-00C04F79EFBC}") = "PhoneRemover.Test", "PhoneRemover.Test\PhoneRemover.Test.csproj", "{ABEE342F-AD8A-4998-99E8-89E00C519586}"
EndProject
Global
	GlobalSection(SolutionConfigurationPlatforms) = preSolution
		Debug|Any CPU = Debug|Any CPU
		Release|Any CPU = Release|Any CPU
	EndGlobalSection
	GlobalSection(ProjectConfigurationPlatforms) = postSolution
		{AC027881-52B3-411A-9366-C695FA7A90A3}.Debug|Any CPU.ActiveCfg = Debug|Any CPU
		{AC027881-52B3-411A-9366-C695FA7A90A3}.Debug|Any CPU.Build.0 = Debug|Any CPU
		{AC027881-52B3-411A-9366-C695FA7A90A3}.Release|Any CPU.ActiveCfg = Release|Any CPU
		{AC027881-52B3-411A-9366-C695FA7A90A3}.Release|Any CPU.Build.0 = Release|Any CPU
		{4A2C1223-B910-46A3-8552-83ADE7C7C65D}.Debug|Any CPU.ActiveCfg = Debug|Any CPU
		{4A2C1223-B910-46A3-8552-83ADE7C7C65D}.Debug|Any CPU.Build.0 = Debug|Any CPU
		{4A2C1223-B910-46A3-8552-83ADE7C7C65D}.Release|Any CPU.ActiveCfg = Release|Any CPU
		{4A2C1223-B910-46A3-8552-83ADE7C7C65D}.Release|Any CPU.Build.0 = Release|Any CPU
		{ABEE342F-AD8A-4998-99E8-89E00C519586}.Debug|Any CPU.ActiveCfg = Debug|Any CPU
		{ABEE342F-AD8A-4998-99E8-89E00C519586}.Debug|Any CPU.Build.0 = Debug|Any CPU
		{ABEE342F-AD8A-4998-99E8-89E00C519586}.Release|Any CPU.ActiveCfg = Release|Any CPU
		{ABEE342F-AD8A-4998-99E8-89E00C519586}.Release|Any CPU.Build.0 = Release|Any CPU
	EndGlobalSection
	GlobalSection(SolutionProperties) = preSolution
		HideSolutionNode = FALSE
	EndGlobalSection
	GlobalSection(ExtensibilityGlobals) = postSolution
		SolutionGuid = {739ED611-3D72-4CAA-92B8-98AE90DE0CCA}
	EndGlobalSection
EndGlobal
